
Microsoft Visual Studio Solution File, Format Version 12.00
# Visual Studio Version 17
VisualStudioVersion = 17.4.33122.133
MinimumVisualStudioVersion = 10.0.40219.1
Project("{FAE04EC0-301F-11D3-BF4B-00C04F79EFBC}") = "my-web-app", "my-web-app\my-web-app.csproj", "{3AB47648-FFE8-466D-B5F2-9BF2BDB9C3A8}"
EndProject
Global
	GlobalSection(SolutionConfigurationPlatforms) = preSolution
		Debug|Any CPU = Debug|Any CPU
		Release|Any CPU = Release|Any CPU
	EndGlobalSection
	GlobalSection(ProjectConfigurationPlatforms) = postSolution
		{3AB47648-FFE8-466D-B5F2-9BF2BDB9C3A8}.Debug|Any CPU.ActiveCfg = Debug|Any CPU
		{3AB47648-FFE8-466D-B5F2-9BF2BDB9C3A8}.Debug|Any CPU.Build.0 = Debug|Any CPU
		{3AB47648-FFE8-466D-B5F2-9BF2BDB9C3A8}.Release|Any CPU.ActiveCfg = Release|Any CPU
		{3AB47648-FFE8-466D-B5F2-9BF2BDB9C3A8}.Release|Any CPU.Build.0 = Release|Any CPU
	EndGlobalSection
	GlobalSection(SolutionProperties) = preSolution
		HideSolutionNode = FALSE
	EndGlobalSection
	GlobalSection(ExtensibilityGlobals) = postSolution
		SolutionGuid = {C10171E1-7BF4-4318-8FBB-AC17E5BFB841}
	EndGlobalSection
EndGlobal
